
Microsoft Visual Studio Solution File, Format Version 12.00
# Visual Studio Version 17
VisualStudioVersion = 17.3.32929.385
MinimumVisualStudioVersion = 10.0.40219.1
Project("{FAE04EC0-301F-11D3-BF4B-00C04F79EFBC}") = "PrgOrientObj", "PrgOrientObj\PrgOrientObj.csproj", "{EBD079BD-3770-41EF-83A6-866696E7A212}"
EndProject
Global
	GlobalSection(SolutionConfigurationPlatforms) = preSolution
		Debug|Any CPU = Debug|Any CPU
		Release|Any CPU = Release|Any CPU
	EndGlobalSection
	GlobalSection(ProjectConfigurationPlatforms) = postSolution
		{EBD079BD-3770-41EF-83A6-866696E7A212}.Debug|Any CPU.ActiveCfg = Debug|Any CPU
		{EBD079BD-3770-41EF-83A6-866696E7A212}.Debug|Any CPU.Build.0 = Debug|Any CPU
		{EBD079BD-3770-41EF-83A6-866696E7A212}.Release|Any CPU.ActiveCfg = Release|Any CPU
		{EBD079BD-3770-41EF-83A6-866696E7A212}.Release|Any CPU.Build.0 = Release|Any CPU
	EndGlobalSection
	GlobalSection(SolutionProperties) = preSolution
		HideSolutionNode = FALSE
	EndGlobalSection
	GlobalSection(ExtensibilityGlobals) = postSolution
		SolutionGuid = {1C0390DE-C027-4744-A858-84842A432BC7}
	EndGlobalSection
EndGlobal
